
Microsoft Visual Studio Solution File, Format Version 12.00
# Visual Studio Version 17
VisualStudioVersion = 17.5.001.0
MinimumVisualStudioVersion = 10.0.40219.1
Project("{9A19103F-16F7-4668-BE54-9A1E7A4F7556}") = "PhotoSite", "PhotoSite.csproj", "{EF78A3A7-9B3D-4B9C-8795-97243BDD1D57}"
EndProject
Global
	GlobalSection(SolutionConfigurationPlatforms) = preSolution
		Debug|Any CPU = Debug|Any CPU
		Release|Any CPU = Release|Any CPU
	EndGlobalSection
	GlobalSection(ProjectConfigurationPlatforms) = postSolution
		{EF78A3A7-9B3D-4B9C-8795-97243BDD1D57}.Debug|Any CPU.ActiveCfg = Debug|Any CPU
		{EF78A3A7-9B3D-4B9C-8795-97243BDD1D57}.Debug|Any CPU.Build.0 = Debug|Any CPU
		{EF78A3A7-9B3D-4B9C-8795-97243BDD1D57}.Release|Any CPU.ActiveCfg = Release|Any CPU
		{EF78A3A7-9B3D-4B9C-8795-97243BDD1D57}.Release|Any CPU.Build.0 = Release|Any CPU
	EndGlobalSection
	GlobalSection(SolutionProperties) = preSolution
		HideSolutionNode = FALSE
	EndGlobalSection
	GlobalSection(ExtensibilityGlobals) = postSolution
		SolutionGuid = {DF589ED7-3FFB-41CE-9AFB-EDAE260D0F30}
	EndGlobalSection
EndGlobal
